{
  "name": "esp32-nut",
  "version": "1.0.0",
  "lockfileVersion": 3,
  "requires": true,
  "packages": {
    "": {
      "name": "esp32-nut",
      "version": "1.0.0",
      "license": "ISC",
      "dependencies": {
        "@techreloaded/archetipo": "^2.4.0"
      },
      "devDependencies": {
        "@playwright/test": "^1.61.1",
        "fflate": "^0.8.3"
      }
    },
    "node_modules/@playwright/test": {
      "version": "1.61.1",
      "resolved": "https://registry.npmjs.org/@playwright/test/-/test-1.61.1.tgz",
      "integrity": "sha512-8nKv6+0RJSL9FE4jYOEGXnPeM/Hg12qZpmqzZjRh3qM0Y7c3z1mrOTfFLids72RDQYVh9WpLEfR5WdpNX4fkig==",
      "dev": true,
      "license": "Apache-2.0",
      "dependencies": {
        "playwright": "1.61.1"
      },
      "bin": {
        "playwright": "cli.js"
      },
      "engines": {
        "node": ">=18"
      }
    },
    "node_modules/@techreloaded/archetipo": {
      "version": "2.4.0",
      "resolved": "https://registry.npmjs.org/@techreloaded/archetipo/-/archetipo-2.4.0.tgz",
      "integrity": "sha512-CkrS9xy+eK8RxhwnpX++o/ZtkjAPgkbTMvni5waz/UcWuExHe3voePx2mbyBG6EDXBxj4mPHai1qpzx9oQtq4g==",
      "license": "MIT",
      "bin": {
        "archetipo": "bin/archetipo.js"
      },
      "engines": {
        "node": ">=18"
      },
      "optionalDependencies": {
        "@techreloaded/archetipo-darwin-arm64": "2.4.0",
        "@techreloaded/archetipo-darwin-x64": "2.4.0",
        "@techreloaded/archetipo-linux-arm64": "2.4.0",
        "@techreloaded/archetipo-linux-x64": "2.4.0",
        "@techreloaded/archetipo-win32-arm64": "2.4.0",
        "@techreloaded/archetipo-win32-x64": "2.4.0"
      }
    },
    "node_modules/@techreloaded/archetipo-darwin-arm64": {
      "version": "2.4.0",
      "resolved": "https://registry.npmjs.org/@techreloaded/archetipo-darwin-arm64/-/archetipo-darwin-arm64-2.4.0.tgz",
      "integrity": "sha512-zBSXVu6Ear62xaaVuKpkeVnlRqQDGrk90ZCs/ewLBSQ5ucurR8EZratn6CQB3CuBZpZ/nUefxdb7WDJ8aFp35A==",
      "cpu": [
        "arm64"
      ],
      "license": "MIT",
      "optional": true,
      "os": [
        "darwin"
      ]
    },
    "node_modules/@techreloaded/archetipo-darwin-x64": {
      "version": "2.4.0",
      "resolved": "https://registry.npmjs.org/@techreloaded/archetipo-darwin-x64/-/archetipo-darwin-x64-2.4.0.tgz",
      "integrity": "sha512-l8MhaOVoRsZAB9hWMCOpOdnCPU/jbBzDzFUbSuZmJHj5QQQcCqgpFnOD1CNO9GOLHLWyjytxpvtlmz2pQ9rqbg==",
      "cpu": [
        "x64"
      ],
      "license": "MIT",
      "optional": true,
      "os": [
        "darwin"
      ]
    },
    "node_modules/@techreloaded/archetipo-linux-arm64": {
      "version": "2.4.0",
      "resolved": "https://registry.npmjs.org/@techreloaded/archetipo-linux-arm64/-/archetipo-linux-arm64-2.4.0.tgz",
      "integrity": "sha512-xqV/k7bVuqPCR27WvAUOPt4b6R3dybt/LGbI+z2YmEPp1tEcWUvjytkRlhEhRP+XrQ7csZA1eRKyVPUPbIPFXA==",
      "cpu": [
        "arm64"
      ],
      "license": "MIT",
      "optional": true,
      "os": [
        "linux"
      ]
    },
    "node_modules/@techreloaded/archetipo-linux-x64": {
      "version": "2.4.0",
      "resolved": "https://registry.npmjs.org/@techreloaded/archetipo-linux-x64/-/archetipo-linux-x64-2.4.0.tgz",
      "integrity": "sha512-lkYYS4FuzEujq10KyIHdx9RyCwVjXsd4hpOM9Ma7ZLyzbinFQM/3cdeIf8kosYDms0KtZpFJCuP4+OrM24xsOw==",
      "cpu": [
        "x64"
      ],
      "license": "MIT",
      "optional": true,
      "os": [
        "linux"
      ]
    },
    "node_modules/@techreloaded/archetipo-win32-arm64": {
      "version": "2.4.0",
      "resolved": "https://registry.npmjs.org/@techreloaded/archetipo-win32-arm64/-/archetipo-win32-arm64-2.4.0.tgz",
      "integrity": "sha512-IcO/uKxi3CShTsSKovpoy7fDmArKmiIsQIbTEqFD6V+lRLVtB54jzVRbDBFAlGwa0FtOymOmBdGX9wtneIgh+g==",
      "cpu": [
        "arm64"
      ],
      "license": "MIT",
      "optional": true,
      "os": [
        "win32"
      ]
    },
    "node_modules/@techreloaded/archetipo-win32-x64": {
      "version": "2.4.0",
      "resolved": "https://registry.npmjs.org/@techreloaded/archetipo-win32-x64/-/archetipo-win32-x64-2.4.0.tgz",
      "integrity": "sha512-LkyScHHwvqf77j46eMPsZ20/50OI8MVzD2D/W2VM0pXQ4u1QikJDwxGCkP5hbe4l0m2LEBgN7CmxEt+qPIXgpg==",
      "cpu": [
        "x64"
      ],
      "license": "MIT",
      "optional": true,
      "os": [
        "win32"
      ]
    },
    "node_modules/fflate": {
      "version": "0.8.3",
      "resolved": "https://registry.npmjs.org/fflate/-/fflate-0.8.3.tgz",
      "integrity": "sha512-tbZNuJrLwGUp3zshBtdy4W+ORxZuIh8a5ilyIEQDC5rY1f3U20JMry0Ll3WBzU58EZKsEuJFXhb5gwv8CsPvgA==",
      "dev": true,
      "license": "MIT"
    },
    "node_modules/fsevents": {
      "version": "2.3.2",
      "resolved": "https://registry.npmjs.org/fsevents/-/fsevents-2.3.2.tgz",
      "integrity": "sha512-xiqMQR4xAeHTuB9uWm+fFRcIOgKBMiOBP+eXiyT7jsgVCq1bkVygt00oASowB7EdtpOHaaPgKt812P9ab+DDKA==",
      "dev": true,
      "hasInstallScript": true,
      "license": "MIT",
      "optional": true,
      "os": [
        "darwin"
      ],
      "engines": {
        "node": "^8.16.0 || ^10.6.0 || >=11.0.0"
      }
    },
    "node_modules/playwright": {
      "version": "1.61.1",
      "resolved": "https://registry.npmjs.org/playwright/-/playwright-1.61.1.tgz",
      "integrity": "sha512-DWnY5o3YbLWK4GovuAVwpqL+1VwGNdUGrRr++8j8PtQQzvAVZUIMjKQ90fY689sEJZJBbZVw1rXaOKSTitkzPQ==",
      "dev": true,
      "license": "Apache-2.0",
      "dependencies": {
        "playwright-core": "1.61.1"
      },
      "bin": {
        "playwright": "cli.js"
      },
      "engines": {
        "node": ">=18"
      },
      "optionalDependencies": {
        "fsevents": "2.3.2"
      }
    },
    "node_modules/playwright-core": {
      "version": "1.61.1",
      "resolved": "https://registry.npmjs.org/playwright-core/-/playwright-core-1.61.1.tgz",
      "integrity": "sha512-h7Qlt6m4REp25qvIdvbDtVmD4LqVXfpRxhORv9L0jzETM05p4fuPJ3dKyuSXQxDSbXnmS79HAgi9589lGSpLkg==",
      "dev": true,
      "license": "Apache-2.0",
      "bin": {
        "playwright-core": "cli.js"
      },
      "engines": {
        "node": ">=18"
      }
    }
  }
}
